
Microsoft Visual Studio Solution File, Format Version 12.00
# Visual Studio 14
VisualStudioVersion = 14.0.25420.1
MinimumVisualStudioVersion = 10.0.40219.1
Project("{FAE04EC0-301F-11D3-BF4B-00C04F79EFBC}") = "XamarinMacBuildTest", "XamarinMacBuildTest\XamarinMacBuildTest\XamarinMacBuildTest.csproj", "{36090F40-BAC1-43F6-B0A4-0BA9C132EA69}"
EndProject
Project("{FAE04EC0-301F-11D3-BF4B-00C04F79EFBC}") = "XamarinMacBuildTest.Droid", "XamarinMacBuildTest\XamarinMacBuildTest.Droid\XamarinMacBuildTest.Droid.csproj", "{436E02A0-4D3F-4707-A13D-89A206243C49}"
EndProject
Project("{FAE04EC0-301F-11D3-BF4B-00C04F79EFBC}") = "XamarinMacBuildTest.iOS", "XamarinMacBuildTest\XamarinMacBuildTest.iOS\XamarinMacBuildTest.iOS.csproj", "{0B16843D-3FA2-43D6-8F11-BAF1A9FD5E8B}"
EndProject
Project("{FAE04EC0-301F-11D3-BF4B-00C04F79EFBC}") = "XamarinMacBuildTest.WinPhone", "XamarinMacBuildTest\XamarinMacBuildTest.WinPhone\XamarinMacBuildTest.WinPhone.csproj", "{99879A9C-9BF8-41EB-B145-679CA7AE95BE}"
EndProject
Project("{FAE04EC0-301F-11D3-BF4B-00C04F79EFBC}") = "XamarinMacBuildTest.UWP", "XamarinMacBuildTest\XamarinMacBuildTest.UWP\XamarinMacBuildTest.UWP.csproj", "{CF6F53F6-1B00-478A-A865-2CB7F65946A6}"
EndProject
Project("{FAE04EC0-301F-11D3-BF4B-00C04F79EFBC}") = "XamarinMacBuildTest.Windows", "XamarinMacBuildTest\XamarinMacBuildTest.Windows\XamarinMacBuildTest.Windows.csproj", "{932993C2-9DCE-49FD-A3F2-FF74BCAC3970}"
EndProject
Global
	GlobalSection(SolutionConfigurationPlatforms) = preSolution
		Ad-Hoc|Any CPU = Ad-Hoc|Any CPU
		Ad-Hoc|ARM = Ad-Hoc|ARM
		Ad-Hoc|iPhone = Ad-Hoc|iPhone
		Ad-Hoc|iPhoneSimulator = Ad-Hoc|iPhoneSimulator
		Ad-Hoc|x64 = Ad-Hoc|x64
		Ad-Hoc|x86 = Ad-Hoc|x86
		AppStore|Any CPU = AppStore|Any CPU
		AppStore|ARM = AppStore|ARM
		AppStore|iPhone = AppStore|iPhone
		AppStore|iPhoneSimulator = AppStore|iPhoneSimulator
		AppStore|x64 = AppStore|x64
		AppStore|x86 = AppStore|x86
		Debug|Any CPU = Debug|Any CPU
		Debug|ARM = Debug|ARM
		Debug|iPhone = Debug|iPhone
		Debug|iPhoneSimulator = Debug|iPhoneSimulator
		Debug|x64 = Debug|x64
		Debug|x86 = Debug|x86
		Release|Any CPU = Release|Any CPU
		Release|ARM = Release|ARM
		Release|iPhone = Release|iPhone
		Release|iPhoneSimulator = Release|iPhoneSimulator
		Release|x64 = Release|x64
		Release|x86 = Release|x86
	EndGlobalSection
	GlobalSection(ProjectConfigurationPlatforms) = postSolution
		{36090F40-BAC1-43F6-B0A4-0BA9C132EA69}.Ad-Hoc|Any CPU.ActiveCfg = Release|Any CPU
		{36090F40-BAC1-43F6-B0A4-0BA9C132EA69}.Ad-Hoc|Any CPU.Build.0 = Release|Any CPU
		{36090F40-BAC1-43F6-B0A4-0BA9C132EA69}.Ad-Hoc|ARM.ActiveCfg = Release|Any CPU
		{36090F40-BAC1-43F6-B0A4-0BA9C132EA69}.Ad-Hoc|ARM.Build.0 = Release|Any CPU
		{36090F40-BAC1-43F6-B0A4-0BA9C132EA69}.Ad-Hoc|iPhone.ActiveCfg = Release|Any CPU
		{36090F40-BAC1-43F6-B0A4-0BA9C132EA69}.Ad-Hoc|iPhone.Build.0 = Release|Any CPU
		{36090F40-BAC1-43F6-B0A4-0BA9C132EA69}.Ad-Hoc|iPhoneSimulator.ActiveCfg = Release|Any CPU
		{36090F40-BAC1-43F6-B0A4-0BA9C132EA69}.Ad-Hoc|iPhoneSimulator.Build.0 = Release|Any CPU
		{36090F40-BAC1-43F6-B0A4-0BA9C132EA69}.Ad-Hoc|x64.ActiveCfg = Release|Any CPU
		{36090F40-BAC1-43F6-B0A4-0BA9C132EA69}.Ad-Hoc|x64.Build.0 = Release|Any CPU
		{36090F40-BAC1-43F6-B0A4-0BA9C132EA69}.Ad-Hoc|x86.ActiveCfg = Release|Any CPU
		{36090F40-BAC1-43F6-B0A4-0BA9C132EA69}.Ad-Hoc|x86.Build.0 = Release|Any CPU
		{36090F40-BAC1-43F6-B0A4-0BA9C132EA69}.AppStore|Any CPU.ActiveCfg = Release|Any CPU
		{36090F40-BAC1-43F6-B0A4-0BA9C132EA69}.AppStore|Any CPU.Build.0 = Release|Any CPU
		{36090F40-BAC1-43F6-B0A4-0BA9C132EA69}.AppStore|ARM.ActiveCfg = Release|Any CPU
		{36090F40-BAC1-43F6-B0A4-0BA9C132EA69}.AppStore|ARM.Build.0 = Release|Any CPU
		{36090F40-BAC1-43F6-B0A4-0BA9C132EA69}.AppStore|iPhone.ActiveCfg = Release|Any CPU
		{36090F40-BAC1-43F6-B0A4-0BA9C132EA69}.AppStore|iPhone.Build.0 = Release|Any CPU
		{36090F40-BAC1-43F6-B0A4-0BA9C132EA69}.AppStore|iPhoneSimulator.ActiveCfg = Release|Any CPU
		{36090F40-BAC1-43F6-B0A4-0BA9C132EA69}.AppStore|iPhoneSimulator.Build.0 = Release|Any CPU
		{36090F40-BAC1-43F6-B0A4-0BA9C132EA69}.AppStore|x64.ActiveCfg = Release|Any CPU
		{36090F40-BAC1-43F6-B0A4-0BA9C132EA69}.AppStore|x64.Build.0 = Release|Any CPU
		{36090F40-BAC1-43F6-B0A4-0BA9C132EA69}.AppStore|x86.ActiveCfg = Release|Any CPU
		{36090F40-BAC1-43F6-B0A4-0BA9C132EA69}.AppStore|x86.Build.0 = Release|Any CPU
		{36090F40-BAC1-43F6-B0A4-0BA9C132EA69}.Debug|Any CPU.ActiveCfg = Debug|Any CPU
		{36090F40-BAC1-43F6-B0A4-0BA9C132EA69}.Debug|Any CPU.Build.0 = Debug|Any CPU
		{36090F40-BAC1-43F6-B0A4-0BA9C132EA69}.Debug|ARM.ActiveCfg = Debug|Any CPU
		{36090F40-BAC1-43F6-B0A4-0BA9C132EA69}.Debug|ARM.Build.0 = Debug|Any CPU
		{36090F40-BAC1-43F6-B0A4-0BA9C132EA69}.Debug|iPhone.ActiveCfg = Debug|Any CPU
		{36090F40-BAC1-43F6-B0A4-0BA9C132EA69}.Debug|iPhone.Build.0 = Debug|Any CPU
		{36090F40-BAC1-43F6-B0A4-0BA9C132EA69}.Debug|iPhoneSimulator.ActiveCfg = Debug|Any CPU
		{36090F40-BAC1-43F6-B0A4-0BA9C132EA69}.Debug|iPhoneSimulator.Build.0 = Debug|Any CPU
		{36090F40-BAC1-43F6-B0A4-0BA9C132EA69}.Debug|x64.ActiveCfg = Debug|Any CPU
		{36090F40-BAC1-43F6-B0A4-0BA9C132EA69}.Debug|x64.Build.0 = Debug|Any CPU
		{36090F40-BAC1-43F6-B0A4-0BA9C132EA69}.Debug|x86.ActiveCfg = Debug|Any CPU
		{36090F40-BAC1-43F6-B0A4-0BA9C132EA69}.Debug|x86.Build.0 = Debug|Any CPU
		{36090F40-BAC1-43F6-B0A4-0BA9C132EA69}.Release|Any CPU.ActiveCfg = Release|Any CPU
		{36090F40-BAC1-43F6-B0A4-0BA9C132EA69}.Release|Any CPU.Build.0 = Release|Any CPU
		{36090F40-BAC1-43F6-B0A4-0BA9C132EA69}.Release|ARM.ActiveCfg = Release|Any CPU
		{36090F40-BAC1-43F6-B0A4-0BA9C132EA69}.Release|ARM.Build.0 = Release|Any CPU
		{36090F40-BAC1-43F6-B0A4-0BA9C132EA69}.Release|iPhone.ActiveCfg = Release|Any CPU
		{36090F40-BAC1-43F6-B0A4-0BA9C132EA69}.Release|iPhone.Build.0 = Release|Any CPU
		{36090F40-BAC1-43F6-B0A4-0BA9C132EA69}.Release|iPhoneSimulator.ActiveCfg = Release|Any CPU
		{36090F40-BAC1-43F6-B0A4-0BA9C132EA69}.Release|iPhoneSimulator.Build.0 = Release|Any CPU
		{36090F40-BAC1-43F6-B0A4-0BA9C132EA69}.Release|x64.ActiveCfg = Release|Any CPU
		{36090F40-BAC1-43F6-B0A4-0BA9C132EA69}.Release|x64.Build.0 = Release|Any CPU
		{36090F40-BAC1-43F6-B0A4-0BA9C132EA69}.Release|x86.ActiveCfg = Release|Any CPU
		{36090F40-BAC1-43F6-B0A4-0BA9C132EA69}.Release|x86.Build.0 = Release|Any CPU
		{436E02A0-4D3F-4707-A13D-89A206243C49}.Ad-Hoc|Any CPU.ActiveCfg = Release|Any CPU
		{436E02A0-4D3F-4707-A13D-89A206243C49}.Ad-Hoc|Any CPU.Build.0 = Release|Any CPU
		{436E02A0-4D3F-4707-A13D-89A206243C49}.Ad-Hoc|Any CPU.Deploy.0 = Release|Any CPU
		{436E02A0-4D3F-4707-A13D-89A206243C49}.Ad-Hoc|ARM.ActiveCfg = Release|Any CPU
		{436E02A0-4D3F-4707-A13D-89A206243C49}.Ad-Hoc|ARM.Build.0 = Release|Any CPU
		{436E02A0-4D3F-4707-A13D-89A206243C49}.Ad-Hoc|ARM.Deploy.0 = Release|Any CPU
		{436E02A0-4D3F-4707-A13D-89A206243C49}.Ad-Hoc|iPhone.ActiveCfg = Release|Any CPU
		{436E02A0-4D3F-4707-A13D-89A206243C49}.Ad-Hoc|iPhone.Build.0 = Release|Any CPU
		{436E02A0-4D3F-4707-A13D-89A206243C49}.Ad-Hoc|iPhone.Deploy.0 = Release|Any CPU
		{436E02A0-4D3F-4707-A13D-89A206243C49}.Ad-Hoc|iPhoneSimulator.ActiveCfg = Release|Any CPU
		{436E02A0-4D3F-4707-A13D-89A206243C49}.Ad-Hoc|iPhoneSimulator.Build.0 = Release|Any CPU
		{436E02A0-4D3F-4707-A13D-89A206243C49}.Ad-Hoc|iPhoneSimulator.Deploy.0 = Release|Any CPU
		{436E02A0-4D3F-4707-A13D-89A206243C49}.Ad-Hoc|x64.ActiveCfg = Release|Any CPU
		{436E02A0-4D3F-4707-A13D-89A206243C49}.Ad-Hoc|x64.Build.0 = Release|Any CPU
		{436E02A0-4D3F-4707-A13D-89A206243C49}.Ad-Hoc|x64.Deploy.0 = Release|Any CPU
		{436E02A0-4D3F-4707-A13D-89A206243C49}.Ad-Hoc|x86.ActiveCfg = Release|Any CPU
		{436E02A0-4D3F-4707-A13D-89A206243C49}.Ad-Hoc|x86.Build.0 = Release|Any CPU
		{436E02A0-4D3F-4707-A13D-89A206243C49}.Ad-Hoc|x86.Deploy.0 = Release|Any CPU
		{436E02A0-4D3F-4707-A13D-89A206243C49}.AppStore|Any CPU.ActiveCfg = Release|Any CPU
		{436E02A0-4D3F-4707-A13D-89A206243C49}.AppStore|Any CPU.Build.0 = Release|Any CPU
		{436E02A0-4D3F-4707-A13D-89A206243C49}.AppStore|Any CPU.Deploy.0 = Release|Any CPU
		{436E02A0-4D3F-4707-A13D-89A206243C49}.AppStore|ARM.ActiveCfg = Release|Any CPU
		{436E02A0-4D3F-4707-A13D-89A206243C49}.AppStore|ARM.Build.0 = Release|Any CPU
		{436E02A0-4D3F-4707-A13D-89A206243C49}.AppStore|ARM.Deploy.0 = Release|Any CPU
		{436E02A0-4D3F-4707-A13D-89A206243C49}.AppStore|iPhone.ActiveCfg = Release|Any CPU
		{436E02A0-4D3F-4707-A13D-89A206243C49}.AppStore|iPhone.Build.0 = Release|Any CPU
		{436E02A0-4D3F-4707-A13D-89A206243C49}.AppStore|iPhone.Deploy.0 = Release|Any CPU
		{436E02A0-4D3F-4707-A13D-89A206243C49}.AppStore|iPhoneSimulator.ActiveCfg = Release|Any CPU
		{436E02A0-4D3F-4707-A13D-89A206243C49}.AppStore|iPhoneSimulator.Build.0 = Release|Any CPU
		{436E02A0-4D3F-4707-A13D-89A206243C49}.AppStore|iPhoneSimulator.Deploy.0 = Release|Any CPU
		{436E02A0-4D3F-4707-A13D-89A206243C49}.AppStore|x64.ActiveCfg = Release|Any CPU
		{436E02A0-4D3F-4707-A13D-89A206243C49}.AppStore|x64.Build.0 = Release|Any CPU
		{436E02A0-4D3F-4707-A13D-89A206243C49}.AppStore|x64.Deploy.0 = Release|Any CPU
		{436E02A0-4D3F-4707-A13D-89A206243C49}.AppStore|x86.ActiveCfg = Release|Any CPU
		{436E02A0-4D3F-4707-A13D-89A206243C49}.AppStore|x86.Build.0 = Release|Any CPU
		{436E02A0-4D3F-4707-A13D-89A206243C49}.AppStore|x86.Deploy.0 = Release|Any CPU
		{436E02A0-4D3F-4707-A13D-89A206243C49}.Debug|Any CPU.ActiveCfg = Debug|Any CPU
		{436E02A0-4D3F-4707-A13D-89A206243C49}.Debug|Any CPU.Build.0 = Debug|Any CPU
		{436E02A0-4D3F-4707-A13D-89A206243C49}.Debug|Any CPU.Deploy.0 = Debug|Any CPU
		{436E02A0-4D3F-4707-A13D-89A206243C49}.Debug|ARM.ActiveCfg = Debug|Any CPU
		{436E02A0-4D3F-4707-A13D-89A206243C49}.Debug|ARM.Build.0 = Debug|Any CPU
		{436E02A0-4D3F-4707-A13D-89A206243C49}.Debug|ARM.Deploy.0 = Debug|Any CPU
		{436E02A0-4D3F-4707-A13D-89A206243C49}.Debug|iPhone.ActiveCfg = Debug|Any CPU
		{436E02A0-4D3F-4707-A13D-89A206243C49}.Debug|iPhone.Build.0 = Debug|Any CPU
		{436E02A0-4D3F-4707-A13D-89A206243C49}.Debug|iPhone.Deploy.0 = Debug|Any CPU
		{436E02A0-4D3F-4707-A13D-89A206243C49}.Debug|iPhoneSimulator.ActiveCfg = Debug|Any CPU
		{436E02A0-4D3F-4707-A13D-89A206243C49}.Debug|iPhoneSimulator.Build.0 = Debug|Any CPU
		{436E02A0-4D3F-4707-A13D-89A206243C49}.Debug|iPhoneSimulator.Deploy.0 = Debug|Any CPU
		{436E02A0-4D3F-4707-A13D-89A206243C49}.Debug|x64.ActiveCfg = Debug|Any CPU
		{436E02A0-4D3F-4707-A13D-89A206243C49}.Debug|x64.Build.0 = Debug|Any CPU
		{436E02A0-4D3F-4707-A13D-89A206243C49}.Debug|x64.Deploy.0 = Debug|Any CPU
		{436E02A0-4D3F-4707-A13D-89A206243C49}.Debug|x86.ActiveCfg = Debug|Any CPU
		{436E02A0-4D3F-4707-A13D-89A206243C49}.Debug|x86.Build.0 = Debug|Any CPU
		{436E02A0-4D3F-4707-A13D-89A206243C49}.Debug|x86.Deploy.0 = Debug|Any CPU
		{436E02A0-4D3F-4707-A13D-89A206243C49}.Release|Any CPU.ActiveCfg = Release|Any CPU
		{436E02A0-4D3F-4707-A13D-89A206243C49}.Release|Any CPU.Build.0 = Release|Any CPU
		{436E02A0-4D3F-4707-A13D-89A206243C49}.Release|Any CPU.Deploy.0 = Release|Any CPU
		{436E02A0-4D3F-4707-A13D-89A206243C49}.Release|ARM.ActiveCfg = Release|Any CPU
		{436E02A0-4D3F-4707-A13D-89A206243C49}.Release|ARM.Build.0 = Release|Any CPU
		{436E02A0-4D3F-4707-A13D-89A206243C49}.Release|ARM.Deploy.0 = Release|Any CPU
		{436E02A0-4D3F-4707-A13D-89A206243C49}.Release|iPhone.ActiveCfg = Release|Any CPU
		{436E02A0-4D3F-4707-A13D-89A206243C49}.Release|iPhone.Build.0 = Release|Any CPU
		{436E02A0-4D3F-4707-A13D-89A206243C49}.Release|iPhone.Deploy.0 = Release|Any CPU
		{436E02A0-4D3F-4707-A13D-89A206243C49}.Release|iPhoneSimulator.ActiveCfg = Release|Any CPU
		{436E02A0-4D3F-4707-A13D-89A206243C49}.Release|iPhoneSimulator.Build.0 = Release|Any CPU
		{436E02A0-4D3F-4707-A13D-89A206243C49}.Release|iPhoneSimulator.Deploy.0 = Release|Any CPU
		{436E02A0-4D3F-4707-A13D-89A206243C49}.Release|x64.ActiveCfg = Release|Any CPU
		{436E02A0-4D3F-4707-A13D-89A206243C49}.Release|x64.Build.0 = Release|Any CPU
		{436E02A0-4D3F-4707-A13D-89A206243C49}.Release|x64.Deploy.0 = Release|Any CPU
		{436E02A0-4D3F-4707-A13D-89A206243C49}.Release|x86.ActiveCfg = Release|Any CPU
		{436E02A0-4D3F-4707-A13D-89A206243C49}.Release|x86.Build.0 = Release|Any CPU
		{436E02A0-4D3F-4707-A13D-89A206243C49}.Release|x86.Deploy.0 = Release|Any CPU
		{0B16843D-3FA2-43D6-8F11-BAF1A9FD5E8B}.Ad-Hoc|Any CPU.ActiveCfg = Ad-Hoc|iPhone
		{0B16843D-3FA2-43D6-8F11-BAF1A9FD5E8B}.Ad-Hoc|ARM.ActiveCfg = Ad-Hoc|iPhone
		{0B16843D-3FA2-43D6-8F11-BAF1A9FD5E8B}.Ad-Hoc|iPhone.ActiveCfg = Ad-Hoc|iPhone
		{0B16843D-3FA2-43D6-8F11-BAF1A9FD5E8B}.Ad-Hoc|iPhone.Build.0 = Ad-Hoc|iPhone
		{0B16843D-3FA2-43D6-8F11-BAF1A9FD5E8B}.Ad-Hoc|iPhoneSimulator.ActiveCfg = Ad-Hoc|iPhoneSimulator
		{0B16843D-3FA2-43D6-8F11-BAF1A9FD5E8B}.Ad-Hoc|iPhoneSimulator.Build.0 = Ad-Hoc|iPhoneSimulator
		{0B16843D-3FA2-43D6-8F11-BAF1A9FD5E8B}.Ad-Hoc|x64.ActiveCfg = Ad-Hoc|iPhone
		{0B16843D-3FA2-43D6-8F11-BAF1A9FD5E8B}.Ad-Hoc|x86.ActiveCfg = Ad-Hoc|iPhone
		{0B16843D-3FA2-43D6-8F11-BAF1A9FD5E8B}.AppStore|Any CPU.ActiveCfg = AppStore|iPhone
		{0B16843D-3FA2-43D6-8F11-BAF1A9FD5E8B}.AppStore|ARM.ActiveCfg = AppStore|iPhone
		{0B16843D-3FA2-43D6-8F11-BAF1A9FD5E8B}.AppStore|iPhone.ActiveCfg = AppStore|iPhone
		{0B16843D-3FA2-43D6-8F11-BAF1A9FD5E8B}.AppStore|iPhone.Build.0 = AppStore|iPhone
		{0B16843D-3FA2-43D6-8F11-BAF1A9FD5E8B}.AppStore|iPhoneSimulator.ActiveCfg = AppStore|iPhoneSimulator
		{0B16843D-3FA2-43D6-8F11-BAF1A9FD5E8B}.AppStore|iPhoneSimulator.Build.0 = AppStore|iPhoneSimulator
		{0B16843D-3FA2-43D6-8F11-BAF1A9FD5E8B}.AppStore|x64.ActiveCfg = AppStore|iPhone
		{0B16843D-3FA2-43D6-8F11-BAF1A9FD5E8B}.AppStore|x86.ActiveCfg = AppStore|iPhone
		{0B16843D-3FA2-43D6-8F11-BAF1A9FD5E8B}.Debug|Any CPU.ActiveCfg = Debug|iPhone
		{0B16843D-3FA2-43D6-8F11-BAF1A9FD5E8B}.Debug|ARM.ActiveCfg = Debug|iPhone
		{0B16843D-3FA2-43D6-8F11-BAF1A9FD5E8B}.Debug|iPhone.ActiveCfg = Debug|iPhone
		{0B16843D-3FA2-43D6-8F11-BAF1A9FD5E8B}.Debug|iPhone.Build.0 = Debug|iPhone
		{0B16843D-3FA2-43D6-8F11-BAF1A9FD5E8B}.Debug|iPhoneSimulator.ActiveCfg = Debug|iPhoneSimulator
		{0B16843D-3FA2-43D6-8F11-BAF1A9FD5E8B}.Debug|iPhoneSimulator.Build.0 = Debug|iPhoneSimulator
		{0B16843D-3FA2-43D6-8F11-BAF1A9FD5E8B}.Debug|x64.ActiveCfg = Debug|iPhone
		{0B16843D-3FA2-43D6-8F11-BAF1A9FD5E8B}.Debug|x86.ActiveCfg = Debug|iPhone
		{0B16843D-3FA2-43D6-8F11-BAF1A9FD5E8B}.Release|Any CPU.ActiveCfg = Release|iPhone
		{0B16843D-3FA2-43D6-8F11-BAF1A9FD5E8B}.Release|ARM.ActiveCfg = Release|iPhone
		{0B16843D-3FA2-43D6-8F11-BAF1A9FD5E8B}.Release|iPhone.ActiveCfg = Release|iPhone
		{0B16843D-3FA2-43D6-8F11-BAF1A9FD5E8B}.Release|iPhone.Build.0 = Release|iPhone
		{0B16843D-3FA2-43D6-8F11-BAF1A9FD5E8B}.Release|iPhoneSimulator.ActiveCfg = Release|iPhoneSimulator
		{0B16843D-3FA2-43D6-8F11-BAF1A9FD5E8B}.Release|iPhoneSimulator.Build.0 = Release|iPhoneSimulator
		{0B16843D-3FA2-43D6-8F11-BAF1A9FD5E8B}.Release|x64.ActiveCfg = Release|iPhone
		{0B16843D-3FA2-43D6-8F11-BAF1A9FD5E8B}.Release|x86.ActiveCfg = Release|iPhone
		{99879A9C-9BF8-41EB-B145-679CA7AE95BE}.Ad-Hoc|Any CPU.ActiveCfg = Release|Any CPU
		{99879A9C-9BF8-41EB-B145-679CA7AE95BE}.Ad-Hoc|Any CPU.Build.0 = Release|Any CPU
		{99879A9C-9BF8-41EB-B145-679CA7AE95BE}.Ad-Hoc|Any CPU.Deploy.0 = Release|Any CPU
		{99879A9C-9BF8-41EB-B145-679CA7AE95BE}.Ad-Hoc|ARM.ActiveCfg = Release|ARM
		{99879A9C-9BF8-41EB-B145-679CA7AE95BE}.Ad-Hoc|ARM.Build.0 = Release|ARM
		{99879A9C-9BF8-41EB-B145-679CA7AE95BE}.Ad-Hoc|ARM.Deploy.0 = Release|ARM
		{99879A9C-9BF8-41EB-B145-679CA7AE95BE}.Ad-Hoc|iPhone.ActiveCfg = Release|Any CPU
		{99879A9C-9BF8-41EB-B145-679CA7AE95BE}.Ad-Hoc|iPhone.Build.0 = Release|Any CPU
		{99879A9C-9BF8-41EB-B145-679CA7AE95BE}.Ad-Hoc|iPhone.Deploy.0 = Release|Any CPU
		{99879A9C-9BF8-41EB-B145-679CA7AE95BE}.Ad-Hoc|iPhoneSimulator.ActiveCfg = Release|Any CPU
		{99879A9C-9BF8-41EB-B145-679CA7AE95BE}.Ad-Hoc|iPhoneSimulator.Build.0 = Release|Any CPU
		{99879A9C-9BF8-41EB-B145-679CA7AE95BE}.Ad-Hoc|iPhoneSimulator.Deploy.0 = Release|Any CPU
		{99879A9C-9BF8-41EB-B145-679CA7AE95BE}.Ad-Hoc|x64.ActiveCfg = Release|Any CPU
		{99879A9C-9BF8-41EB-B145-679CA7AE95BE}.Ad-Hoc|x64.Build.0 = Release|Any CPU
		{99879A9C-9BF8-41EB-B145-679CA7AE95BE}.Ad-Hoc|x64.Deploy.0 = Release|Any CPU
		{99879A9C-9BF8-41EB-B145-679CA7AE95BE}.Ad-Hoc|x86.ActiveCfg = Release|x86
		{99879A9C-9BF8-41EB-B145-679CA7AE95BE}.Ad-Hoc|x86.Build.0 = Release|x86
		{99879A9C-9BF8-41EB-B145-679CA7AE95BE}.Ad-Hoc|x86.Deploy.0 = Release|x86
		{99879A9C-9BF8-41EB-B145-679CA7AE95BE}.AppStore|Any CPU.ActiveCfg = Release|Any CPU
		{99879A9C-9BF8-41EB-B145-679CA7AE95BE}.AppStore|Any CPU.Build.0 = Release|Any CPU
		{99879A9C-9BF8-41EB-B145-679CA7AE95BE}.AppStore|Any CPU.Deploy.0 = Release|Any CPU
		{99879A9C-9BF8-41EB-B145-679CA7AE95BE}.AppStore|ARM.ActiveCfg = Release|ARM
		{99879A9C-9BF8-41EB-B145-679CA7AE95BE}.AppStore|ARM.Build.0 = Release|ARM
		{99879A9C-9BF8-41EB-B145-679CA7AE95BE}.AppStore|ARM.Deploy.0 = Release|ARM
		{99879A9C-9BF8-41EB-B145-679CA7AE95BE}.AppStore|iPhone.ActiveCfg = Release|Any CPU
		{99879A9C-9BF8-41EB-B145-679CA7AE95BE}.AppStore|iPhone.Build.0 = Release|Any CPU
		{99879A9C-9BF8-41EB-B145-679CA7AE95BE}.AppStore|iPhone.Deploy.0 = Release|Any CPU
		{99879A9C-9BF8-41EB-B145-679CA7AE95BE}.AppStore|iPhoneSimulator.ActiveCfg = Release|Any CPU
		{99879A9C-9BF8-41EB-B145-679CA7AE95BE}.AppStore|iPhoneSimulator.Build.0 = Release|Any CPU
		{99879A9C-9BF8-41EB-B145-679CA7AE95BE}.AppStore|iPhoneSimulator.Deploy.0 = Release|Any CPU
		{99879A9C-9BF8-41EB-B145-679CA7AE95BE}.AppStore|x64.ActiveCfg = Release|Any CPU
		{99879A9C-9BF8-41EB-B145-679CA7AE95BE}.AppStore|x64.Build.0 = Release|Any CPU
		{99879A9C-9BF8-41EB-B145-679CA7AE95BE}.AppStore|x64.Deploy.0 = Release|Any CPU
		{99879A9C-9BF8-41EB-B145-679CA7AE95BE}.AppStore|x86.ActiveCfg = Release|x86
		{99879A9C-9BF8-41EB-B145-679CA7AE95BE}.AppStore|x86.Build.0 = Release|x86
		{99879A9C-9BF8-41EB-B145-679CA7AE95BE}.AppStore|x86.Deploy.0 = Release|x86
		{99879A9C-9BF8-41EB-B145-679CA7AE95BE}.Debug|Any CPU.ActiveCfg = Debug|Any CPU
		{99879A9C-9BF8-41EB-B145-679CA7AE95BE}.Debug|Any CPU.Build.0 = Debug|Any CPU
		{99879A9C-9BF8-41EB-B145-679CA7AE95BE}.Debug|Any CPU.Deploy.0 = Debug|Any CPU
		{99879A9C-9BF8-41EB-B145-679CA7AE95BE}.Debug|ARM.ActiveCfg = Debug|ARM
		{99879A9C-9BF8-41EB-B145-679CA7AE95BE}.Debug|ARM.Build.0 = Debug|ARM
		{99879A9C-9BF8-41EB-B145-679CA7AE95BE}.Debug|ARM.Deploy.0 = Debug|ARM
		{99879A9C-9BF8-41EB-B145-679CA7AE95BE}.Debug|iPhone.ActiveCfg = Debug|Any CPU
		{99879A9C-9BF8-41EB-B145-679CA7AE95BE}.Debug|iPhone.Build.0 = Debug|Any CPU
		{99879A9C-9BF8-41EB-B145-679CA7AE95BE}.Debug|iPhone.Deploy.0 = Debug|Any CPU
		{99879A9C-9BF8-41EB-B145-679CA7AE95BE}.Debug|iPhoneSimulator.ActiveCfg = Debug|Any CPU
		{99879A9C-9BF8-41EB-B145-679CA7AE95BE}.Debug|iPhoneSimulator.Build.0 = Debug|Any CPU
		{99879A9C-9BF8-41EB-B145-679CA7AE95BE}.Debug|iPhoneSimulator.Deploy.0 = Debug|Any CPU
		{99879A9C-9BF8-41EB-B145-679CA7AE95BE}.Debug|x64.ActiveCfg = Debug|Any CPU
		{99879A9C-9BF8-41EB-B145-679CA7AE95BE}.Debug|x64.Build.0 = Debug|Any CPU
		{99879A9C-9BF8-41EB-B145-679CA7AE95BE}.Debug|x64.Deploy.0 = Debug|Any CPU
		{99879A9C-9BF8-41EB-B145-679CA7AE95BE}.Debug|x86.ActiveCfg = Debug|x86
		{99879A9C-9BF8-41EB-B145-679CA7AE95BE}.Debug|x86.Build.0 = Debug|x86
		{99879A9C-9BF8-41EB-B145-679CA7AE95BE}.Debug|x86.Deploy.0 = Debug|x86
		{99879A9C-9BF8-41EB-B145-679CA7AE95BE}.Release|Any CPU.ActiveCfg = Release|Any CPU
		{99879A9C-9BF8-41EB-B145-679CA7AE95BE}.Release|Any CPU.Build.0 = Release|Any CPU
		{99879A9C-9BF8-41EB-B145-679CA7AE95BE}.Release|Any CPU.Deploy.0 = Release|Any CPU
		{99879A9C-9BF8-41EB-B145-679CA7AE95BE}.Release|ARM.ActiveCfg = Release|ARM
		{99879A9C-9BF8-41EB-B145-679CA7AE95BE}.Release|ARM.Build.0 = Release|ARM
		{99879A9C-9BF8-41EB-B145-679CA7AE95BE}.Release|ARM.Deploy.0 = Release|ARM
		{99879A9C-9BF8-41EB-B145-679CA7AE95BE}.Release|iPhone.ActiveCfg = Release|Any CPU
		{99879A9C-9BF8-41EB-B145-679CA7AE95BE}.Release|iPhone.Build.0 = Release|Any CPU
		{99879A9C-9BF8-41EB-B145-679CA7AE95BE}.Release|iPhone.Deploy.0 = Release|Any CPU
		{99879A9C-9BF8-41EB-B145-679CA7AE95BE}.Release|iPhoneSimulator.ActiveCfg = Release|Any CPU
		{99879A9C-9BF8-41EB-B145-679CA7AE95BE}.Release|iPhoneSimulator.Build.0 = Release|Any CPU
		{99879A9C-9BF8-41EB-B145-679CA7AE95BE}.Release|iPhoneSimulator.Deploy.0 = Release|Any CPU
		{99879A9C-9BF8-41EB-B145-679CA7AE95BE}.Release|x64.ActiveCfg = Release|Any CPU
		{99879A9C-9BF8-41EB-B145-679CA7AE95BE}.Release|x64.Build.0 = Release|Any CPU
		{99879A9C-9BF8-41EB-B145-679CA7AE95BE}.Release|x64.Deploy.0 = Release|Any CPU
		{99879A9C-9BF8-41EB-B145-679CA7AE95BE}.Release|x86.ActiveCfg = Release|x86
		{99879A9C-9BF8-41EB-B145-679CA7AE95BE}.Release|x86.Build.0 = Release|x86
		{99879A9C-9BF8-41EB-B145-679CA7AE95BE}.Release|x86.Deploy.0 = Release|x86
		{CF6F53F6-1B00-478A-A865-2CB7F65946A6}.Ad-Hoc|Any CPU.ActiveCfg = Release|x86
		{CF6F53F6-1B00-478A-A865-2CB7F65946A6}.Ad-Hoc|Any CPU.Build.0 = Release|x86
		{CF6F53F6-1B00-478A-A865-2CB7F65946A6}.Ad-Hoc|Any CPU.Deploy.0 = Release|x86
		{CF6F53F6-1B00-478A-A865-2CB7F65946A6}.Ad-Hoc|ARM.ActiveCfg = Release|ARM
		{CF6F53F6-1B00-478A-A865-2CB7F65946A6}.Ad-Hoc|ARM.Build.0 = Release|ARM
		{CF6F53F6-1B00-478A-A865-2CB7F65946A6}.Ad-Hoc|ARM.Deploy.0 = Release|ARM
		{CF6F53F6-1B00-478A-A865-2CB7F65946A6}.Ad-Hoc|iPhone.ActiveCfg = Release|x86
		{CF6F53F6-1B00-478A-A865-2CB7F65946A6}.Ad-Hoc|iPhone.Build.0 = Release|x86
		{CF6F53F6-1B00-478A-A865-2CB7F65946A6}.Ad-Hoc|iPhone.Deploy.0 = Release|x86
		{CF6F53F6-1B00-478A-A865-2CB7F65946A6}.Ad-Hoc|iPhoneSimulator.ActiveCfg = Release|x86
		{CF6F53F6-1B00-478A-A865-2CB7F65946A6}.Ad-Hoc|iPhoneSimulator.Build.0 = Release|x86
		{CF6F53F6-1B00-478A-A865-2CB7F65946A6}.Ad-Hoc|iPhoneSimulator.Deploy.0 = Release|x86
		{CF6F53F6-1B00-478A-A865-2CB7F65946A6}.Ad-Hoc|x64.ActiveCfg = Release|x64
		{CF6F53F6-1B00-478A-A865-2CB7F65946A6}.Ad-Hoc|x64.Build.0 = Release|x64
		{CF6F53F6-1B00-478A-A865-2CB7F65946A6}.Ad-Hoc|x64.Deploy.0 = Release|x64
		{CF6F53F6-1B00-478A-A865-2CB7F65946A6}.Ad-Hoc|x86.ActiveCfg = Release|x86
		{CF6F53F6-1B00-478A-A865-2CB7F65946A6}.Ad-Hoc|x86.Build.0 = Release|x86
		{CF6F53F6-1B00-478A-A865-2CB7F65946A6}.Ad-Hoc|x86.Deploy.0 = Release|x86
		{CF6F53F6-1B00-478A-A865-2CB7F65946A6}.AppStore|Any CPU.ActiveCfg = Release|x86
		{CF6F53F6-1B00-478A-A865-2CB7F65946A6}.AppStore|Any CPU.Build.0 = Release|x86
		{CF6F53F6-1B00-478A-A865-2CB7F65946A6}.AppStore|Any CPU.Deploy.0 = Release|x86
		{CF6F53F6-1B00-478A-A865-2CB7F65946A6}.AppStore|ARM.ActiveCfg = Release|ARM
		{CF6F53F6-1B00-478A-A865-2CB7F65946A6}.AppStore|ARM.Build.0 = Release|ARM
		{CF6F53F6-1B00-478A-A865-2CB7F65946A6}.AppStore|ARM.Deploy.0 = Release|ARM
		{CF6F53F6-1B00-478A-A865-2CB7F65946A6}.AppStore|iPhone.ActiveCfg = Release|x86
		{CF6F53F6-1B00-478A-A865-2CB7F65946A6}.AppStore|iPhone.Build.0 = Release|x86
		{CF6F53F6-1B00-478A-A865-2CB7F65946A6}.AppStore|iPhone.Deploy.0 = Release|x86
		{CF6F53F6-1B00-478A-A865-2CB7F65946A6}.AppStore|iPhoneSimulator.ActiveCfg = Release|x86
		{CF6F53F6-1B00-478A-A865-2CB7F65946A6}.AppStore|iPhoneSimulator.Build.0 = Release|x86
		{CF6F53F6-1B00-478A-A865-2CB7F65946A6}.AppStore|iPhoneSimulator.Deploy.0 = Release|x86
		{CF6F53F6-1B00-478A-A865-2CB7F65946A6}.AppStore|x64.ActiveCfg = Release|x64
		{CF6F53F6-1B00-478A-A865-2CB7F65946A6}.AppStore|x64.Build.0 = Release|x64
		{CF6F53F6-1B00-478A-A865-2CB7F65946A6}.AppStore|x64.Deploy.0 = Release|x64
		{CF6F53F6-1B00-478A-A865-2CB7F65946A6}.AppStore|x86.ActiveCfg = Release|x86
		{CF6F53F6-1B00-478A-A865-2CB7F65946A6}.AppStore|x86.Build.0 = Release|x86
		{CF6F53F6-1B00-478A-A865-2CB7F65946A6}.AppStore|x86.Deploy.0 = Release|x86
		{CF6F53F6-1B00-478A-A865-2CB7F65946A6}.Debug|Any CPU.ActiveCfg = Debug|x86
		{CF6F53F6-1B00-478A-A865-2CB7F65946A6}.Debug|ARM.ActiveCfg = Debug|ARM
		{CF6F53F6-1B00-478A-A865-2CB7F65946A6}.Debug|ARM.Build.0 = Debug|ARM
		{CF6F53F6-1B00-478A-A865-2CB7F65946A6}.Debug|ARM.Deploy.0 = Debug|ARM
		{CF6F53F6-1B00-478A-A865-2CB7F65946A6}.Debug|iPhone.ActiveCfg = Debug|x86
		{CF6F53F6-1B00-478A-A865-2CB7F65946A6}.Debug|iPhoneSimulator.ActiveCfg = Debug|x86
		{CF6F53F6-1B00-478A-A865-2CB7F65946A6}.Debug|x64.ActiveCfg = Debug|x64
		{CF6F53F6-1B00-478A-A865-2CB7F65946A6}.Debug|x64.Build.0 = Debug|x64
		{CF6F53F6-1B00-478A-A865-2CB7F65946A6}.Debug|x64.Deploy.0 = Debug|x64
		{CF6F53F6-1B00-478A-A865-2CB7F65946A6}.Debug|x86.ActiveCfg = Debug|x86
		{CF6F53F6-1B00-478A-A865-2CB7F65946A6}.Debug|x86.Build.0 = Debug|x86
		{CF6F53F6-1B00-478A-A865-2CB7F65946A6}.Debug|x86.Deploy.0 = Debug|x86
		{CF6F53F6-1B00-478A-A865-2CB7F65946A6}.Release|Any CPU.ActiveCfg = Release|x86
		{CF6F53F6-1B00-478A-A865-2CB7F65946A6}.Release|ARM.ActiveCfg = Release|ARM
		{CF6F53F6-1B00-478A-A865-2CB7F65946A6}.Release|ARM.Build.0 = Release|ARM
		{CF6F53F6-1B00-478A-A865-2CB7F65946A6}.Release|ARM.Deploy.0 = Release|ARM
		{CF6F53F6-1B00-478A-A865-2CB7F65946A6}.Release|iPhone.ActiveCfg = Release|x86
		{CF6F53F6-1B00-478A-A865-2CB7F65946A6}.Release|iPhoneSimulator.ActiveCfg = Release|x86
		{CF6F53F6-1B00-478A-A865-2CB7F65946A6}.Release|x64.ActiveCfg = Release|x64
		{CF6F53F6-1B00-478A-A865-2CB7F65946A6}.Release|x64.Build.0 = Release|x64
		{CF6F53F6-1B00-478A-A865-2CB7F65946A6}.Release|x64.Deploy.0 = Release|x64
		{CF6F53F6-1B00-478A-A865-2CB7F65946A6}.Release|x86.ActiveCfg = Release|x86
		{CF6F53F6-1B00-478A-A865-2CB7F65946A6}.Release|x86.Build.0 = Release|x86
		{CF6F53F6-1B00-478A-A865-2CB7F65946A6}.Release|x86.Deploy.0 = Release|x86
		{932993C2-9DCE-49FD-A3F2-FF74BCAC3970}.Ad-Hoc|Any CPU.ActiveCfg = Release|Any CPU
		{932993C2-9DCE-49FD-A3F2-FF74BCAC3970}.Ad-Hoc|Any CPU.Build.0 = Release|Any CPU
		{932993C2-9DCE-49FD-A3F2-FF74BCAC3970}.Ad-Hoc|Any CPU.Deploy.0 = Release|Any CPU
		{932993C2-9DCE-49FD-A3F2-FF74BCAC3970}.Ad-Hoc|ARM.ActiveCfg = Release|ARM
		{932993C2-9DCE-49FD-A3F2-FF74BCAC3970}.Ad-Hoc|ARM.Build.0 = Release|ARM
		{932993C2-9DCE-49FD-A3F2-FF74BCAC3970}.Ad-Hoc|ARM.Deploy.0 = Release|ARM
		{932993C2-9DCE-49FD-A3F2-FF74BCAC3970}.Ad-Hoc|iPhone.ActiveCfg = Release|Any CPU
		{932993C2-9DCE-49FD-A3F2-FF74BCAC3970}.Ad-Hoc|iPhone.Build.0 = Release|Any CPU
		{932993C2-9DCE-49FD-A3F2-FF74BCAC3970}.Ad-Hoc|iPhone.Deploy.0 = Release|Any CPU
		{932993C2-9DCE-49FD-A3F2-FF74BCAC3970}.Ad-Hoc|iPhoneSimulator.ActiveCfg = Release|Any CPU
		{932993C2-9DCE-49FD-A3F2-FF74BCAC3970}.Ad-Hoc|iPhoneSimulator.Build.0 = Release|Any CPU
		{932993C2-9DCE-49FD-A3F2-FF74BCAC3970}.Ad-Hoc|iPhoneSimulator.Deploy.0 = Release|Any CPU
		{932993C2-9DCE-49FD-A3F2-FF74BCAC3970}.Ad-Hoc|x64.ActiveCfg = Release|x64
		{932993C2-9DCE-49FD-A3F2-FF74BCAC3970}.Ad-Hoc|x64.Build.0 = Release|x64
		{932993C2-9DCE-49FD-A3F2-FF74BCAC3970}.Ad-Hoc|x64.Deploy.0 = Release|x64
		{932993C2-9DCE-49FD-A3F2-FF74BCAC3970}.Ad-Hoc|x86.ActiveCfg = Release|x86
		{932993C2-9DCE-49FD-A3F2-FF74BCAC3970}.Ad-Hoc|x86.Build.0 = Release|x86
		{932993C2-9DCE-49FD-A3F2-FF74BCAC3970}.Ad-Hoc|x86.Deploy.0 = Release|x86
		{932993C2-9DCE-49FD-A3F2-FF74BCAC3970}.AppStore|Any CPU.ActiveCfg = Release|Any CPU
		{932993C2-9DCE-49FD-A3F2-FF74BCAC3970}.AppStore|Any CPU.Build.0 = Release|Any CPU
		{932993C2-9DCE-49FD-A3F2-FF74BCAC3970}.AppStore|Any CPU.Deploy.0 = Release|Any CPU
		{932993C2-9DCE-49FD-A3F2-FF74BCAC3970}.AppStore|ARM.ActiveCfg = Release|ARM
		{932993C2-9DCE-49FD-A3F2-FF74BCAC3970}.AppStore|ARM.Build.0 = Release|ARM
		{932993C2-9DCE-49FD-A3F2-FF74BCAC3970}.AppStore|ARM.Deploy.0 = Release|ARM
		{932993C2-9DCE-49FD-A3F2-FF74BCAC3970}.AppStore|iPhone.ActiveCfg = Release|Any CPU
		{932993C2-9DCE-49FD-A3F2-FF74BCAC3970}.AppStore|iPhone.Build.0 = Release|Any CPU
		{932993C2-9DCE-49FD-A3F2-FF74BCAC3970}.AppStore|iPhone.Deploy.0 = Release|Any CPU
		{932993C2-9DCE-49FD-A3F2-FF74BCAC3970}.AppStore|iPhoneSimulator.ActiveCfg = Release|Any CPU
		{932993C2-9DCE-49FD-A3F2-FF74BCAC3970}.AppStore|iPhoneSimulator.Build.0 = Release|Any CPU
		{932993C2-9DCE-49FD-A3F2-FF74BCAC3970}.AppStore|iPhoneSimulator.Deploy.0 = Release|Any CPU
		{932993C2-9DCE-49FD-A3F2-FF74BCAC3970}.AppStore|x64.ActiveCfg = Release|x64
		{932993C2-9DCE-49FD-A3F2-FF74BCAC3970}.AppStore|x64.Build.0 = Release|x64
		{932993C2-9DCE-49FD-A3F2-FF74BCAC3970}.AppStore|x64.Deploy.0 = Release|x64
		{932993C2-9DCE-49FD-A3F2-FF74BCAC3970}.AppStore|x86.ActiveCfg = Release|x86
		{932993C2-9DCE-49FD-A3F2-FF74BCAC3970}.AppStore|x86.Build.0 = Release|x86
		{932993C2-9DCE-49FD-A3F2-FF74BCAC3970}.AppStore|x86.Deploy.0 = Release|x86
		{932993C2-9DCE-49FD-A3F2-FF74BCAC3970}.Debug|Any CPU.ActiveCfg = Debug|Any CPU
		{932993C2-9DCE-49FD-A3F2-FF74BCAC3970}.Debug|Any CPU.Build.0 = Debug|Any CPU
		{932993C2-9DCE-49FD-A3F2-FF74BCAC3970}.Debug|Any CPU.Deploy.0 = Debug|Any CPU
		{932993C2-9DCE-49FD-A3F2-FF74BCAC3970}.Debug|ARM.ActiveCfg = Debug|ARM
		{932993C2-9DCE-49FD-A3F2-FF74BCAC3970}.Debug|ARM.Build.0 = Debug|ARM
		{932993C2-9DCE-49FD-A3F2-FF74BCAC3970}.Debug|ARM.Deploy.0 = Debug|ARM
		{932993C2-9DCE-49FD-A3F2-FF74BCAC3970}.Debug|iPhone.ActiveCfg = Debug|Any CPU
		{932993C2-9DCE-49FD-A3F2-FF74BCAC3970}.Debug|iPhone.Build.0 = Debug|Any CPU
		{932993C2-9DCE-49FD-A3F2-FF74BCAC3970}.Debug|iPhone.Deploy.0 = Debug|Any CPU
		{932993C2-9DCE-49FD-A3F2-FF74BCAC3970}.Debug|iPhoneSimulator.ActiveCfg = Debug|Any CPU
		{932993C2-9DCE-49FD-A3F2-FF74BCAC3970}.Debug|iPhoneSimulator.Build.0 = Debug|Any CPU
		{932993C2-9DCE-49FD-A3F2-FF74BCAC3970}.Debug|iPhoneSimulator.Deploy.0 = Debug|Any CPU
		{932993C2-9DCE-49FD-A3F2-FF74BCAC3970}.Debug|x64.ActiveCfg = Debug|x64
		{932993C2-9DCE-49FD-A3F2-FF74BCAC3970}.Debug|x64.Build.0 = Debug|x64
		{932993C2-9DCE-49FD-A3F2-FF74BCAC3970}.Debug|x64.Deploy.0 = Debug|x64
		{932993C2-9DCE-49FD-A3F2-FF74BCAC3970}.Debug|x86.ActiveCfg = Debug|x86
		{932993C2-9DCE-49FD-A3F2-FF74BCAC3970}.Debug|x86.Build.0 = Debug|x86
		{932993C2-9DCE-49FD-A3F2-FF74BCAC3970}.Debug|x86.Deploy.0 = Debug|x86
		{932993C2-9DCE-49FD-A3F2-FF74BCAC3970}.Release|Any CPU.ActiveCfg = Release|Any CPU
		{932993C2-9DCE-49FD-A3F2-FF74BCAC3970}.Release|Any CPU.Build.0 = Release|Any CPU
		{932993C2-9DCE-49FD-A3F2-FF74BCAC3970}.Release|Any CPU.Deploy.0 = Release|Any CPU
		{932993C2-9DCE-49FD-A3F2-FF74BCAC3970}.Release|ARM.ActiveCfg = Release|ARM
		{932993C2-9DCE-49FD-A3F2-FF74BCAC3970}.Release|ARM.Build.0 = Release|ARM
		{932993C2-9DCE-49FD-A3F2-FF74BCAC3970}.Release|ARM.Deploy.0 = Release|ARM
		{932993C2-9DCE-49FD-A3F2-FF74BCAC3970}.Release|iPhone.ActiveCfg = Release|Any CPU
		{932993C2-9DCE-49FD-A3F2-FF74BCAC3970}.Release|iPhone.Build.0 = Release|Any CPU
		{932993C2-9DCE-49FD-A3F2-FF74BCAC3970}.Release|iPhone.Deploy.0 = Release|Any CPU
		{932993C2-9DCE-49FD-A3F2-FF74BCAC3970}.Release|iPhoneSimulator.ActiveCfg = Release|Any CPU
		{932993C2-9DCE-49FD-A3F2-FF74BCAC3970}.Release|iPhoneSimulator.Build.0 = Release|Any CPU
		{932993C2-9DCE-49FD-A3F2-FF74BCAC3970}.Release|iPhoneSimulator.Deploy.0 = Release|Any CPU
		{932993C2-9DCE-49FD-A3F2-FF74BCAC3970}.Release|x64.ActiveCfg = Release|x64
		{932993C2-9DCE-49FD-A3F2-FF74BCAC3970}.Release|x64.Build.0 = Release|x64
		{932993C2-9DCE-49FD-A3F2-FF74BCAC3970}.Release|x64.Deploy.0 = Release|x64
		{932993C2-9DCE-49FD-A3F2-FF74BCAC3970}.Release|x86.ActiveCfg = Release|x86
		{932993C2-9DCE-49FD-A3F2-FF74BCAC3970}.Release|x86.Build.0 = Release|x86
		{932993C2-9DCE-49FD-A3F2-FF74BCAC3970}.Release|x86.Deploy.0 = Release|x86
	EndGlobalSection
	GlobalSection(SolutionProperties) = preSolution
		HideSolutionNode = FALSE
	EndGlobalSection
EndGlobal
